# Generated by pub
# See https://dart.dev/tools/pub/glossary#lockfile
packages:
  archive:
    dependency: transitive
    description:
      name: archive
      sha256: d1892491f45480ecd260c7f7e891bed73208f13e2d45f1d34d7466f7a83f359b
      url: "https://pub.dev"
    source: hosted
    version: "3.1.9"
  args:
    dependency: transitive
    description:
      name: args
      sha256: "0bd9a99b6eb96f07af141f0eb53eace8983e8e5aa5de59777aca31684680ef22"
      url: "https://pub.dev"
    source: hosted
    version: "2.3.0"
  async:
    dependency: transitive
    description:
      name: async
      sha256: bfe67ef28df125b7dddcea62755991f807aa39a2492a23e1550161692950bbe0
      url: "https://pub.dev"
    source: hosted
    version: "2.10.0"
  bloc:
    dependency: transitive
    description:
      name: bloc
      sha256: "104c7223102901f4ac58767154a21278de2f9dad1a87a7f48a95ce780d98f32d"
      url: "https://pub.dev"
    source: hosted
    version: "8.0.2"
  boolean_selector:
    dependency: transitive
    description:
      name: boolean_selector
      sha256: "6cfb5af12253eaf2b368f07bacc5a80d1301a071c73360d746b7f2e32d762c66"
      url: "https://pub.dev"
    source: hosted
    version: "2.1.1"
  characters:
    dependency: transitive
    description:
      name: characters
      sha256: e6a326c8af69605aec75ed6c187d06b349707a27fbff8222ca9cc2cff167975c
      url: "https://pub.dev"
    source: hosted
    version: "1.2.1"
  charcode:
    dependency: transitive
    description:
      name: charcode
      sha256: fb98c0f6d12c920a02ee2d998da788bca066ca5f148492b7085ee23372b12306
      url: "https://pub.dev"
    source: hosted
    version: "1.3.1"
  clock:
    dependency: transitive
    description:
      name: clock
      sha256: cb6d7f03e1de671e34607e909a7213e31d7752be4fb66a86d29fe1eb14bfb5cf
      url: "https://pub.dev"
    source: hosted
    version: "1.1.1"
  collection:
    dependency: transitive
    description:
      name: collection
      sha256: cfc915e6923fe5ce6e153b0723c753045de46de1b4d63771530504004a45fae0
      url: "https://pub.dev"
    source: hosted
    version: "1.17.0"
  crypto:
    dependency: transitive
    description:
      name: crypto
      sha256: cf75650c66c0316274e21d7c43d3dea246273af5955bd94e8184837cd577575c
      url: "https://pub.dev"
    source: hosted
    version: "3.0.1"
  csslib:
    dependency: transitive
    description:
      name: csslib
      sha256: d1cd6d6e4b39a4ad295204722b8608f19981677b223f3e942c0b5a33dcf57ec0
      url: "https://pub.dev"
    source: hosted
    version: "0.17.1"
  cupertino_icons:
    dependency: "direct main"
    description:
      name: cupertino_icons
      sha256: "1989d917fbe8e6b39806207df5a3fdd3d816cbd090fac2ce26fb45e9a71476e5"
      url: "https://pub.dev"
    source: hosted
    version: "1.0.4"
  dartx:
    dependency: transitive
    description:
      name: dartx
      sha256: "4ec9cf3de49bd0ef2a0b0da6b91bc7e8d30b58032798f1f32341e3fbc34920c8"
      url: "https://pub.dev"
    source: hosted
    version: "1.0.0"
  deeply:
    dependency: transitive
    description:
      name: deeply
      sha256: e056e0bfcd30e33aa52b5cb7fe5d8213fb6a024ba19ca82ca3abc65f6d356cb1
      url: "https://pub.dev"
    source: hosted
    version: "1.2.0+1"
  dfunc:
    dependency: transitive
    description:
      name: dfunc
      sha256: "18ccfe8597b55148330ef276db08697c63be86ef2d9d08c8ee1c2c43dd2aa2ad"
      url: "https://pub.dev"
    source: hosted
    version: "0.7.2"
  dio:
    dependency: transitive
    description:
      name: dio
      sha256: "5fd6e152bdbc876bc6e81910e16a2bd36e0c68e23d87316e8da67a1ec8fd7b1c"
      url: "https://pub.dev"
    source: hosted
    version: "4.0.4"
  equatable:
    dependency: transitive
    description:
      name: equatable
      sha256: c6094fd1efad3046334a9c40bee022147e55c25401ccd89b94e373e3edadd375
      url: "https://pub.dev"
    source: hosted
    version: "2.0.3"
  execution_queue:
    dependency: transitive
    description:
      name: execution_queue
      sha256: "97e6300b873e345fd1b4bfa26f5480cfa21761e952321015efc1926108d3c3c1"
      url: "https://pub.dev"
    source: hosted
    version: "1.2.0"
  fake_async:
    dependency: transitive
    description:
      name: fake_async
      sha256: "511392330127add0b769b75a987850d136345d9227c6b94c96a04cf4a391bf78"
      url: "https://pub.dev"
    source: hosted
    version: "1.3.1"
  ffi:
    dependency: transitive
    description:
      name: ffi
      sha256: "35d0f481d939de0d640b3db9a7aa36a52cd22054a798a73b4f50bdad5ce12678"
      url: "https://pub.dev"
    source: hosted
    version: "1.1.2"
  file:
    dependency: transitive
    description:
      name: file
      sha256: b69516f2c26a5bcac4eee2e32512e1a5205ab312b3536c1c1227b2b942b5f9ad
      url: "https://pub.dev"
    source: hosted
    version: "6.1.2"
  fimber:
    dependency: transitive
    description:
      name: fimber
      sha256: ff4a7c78162114a13371c38ed8da2d4852820fbc26a6fb36e0ad641509d39c71
      url: "https://pub.dev"
    source: hosted
    version: "0.6.4"
  flutter:
    dependency: "direct main"
    description: flutter
    source: sdk
    version: "0.0.0"
  flutter_bloc:
    dependency: transitive
    description:
      name: flutter_bloc
      sha256: "7b84d9777db3e30a5051c6718331be57e4cfc0c2424be82ac1771392cad7dbe8"
      url: "https://pub.dev"
    source: hosted
    version: "8.0.1"
  flutter_fimber:
    dependency: transitive
    description:
      name: flutter_fimber
      sha256: ba2f1c9469cb3b4489d1e6860553248c3453cda445a77be47df7a61bcc6abbfd
      url: "https://pub.dev"
    source: hosted
    version: "0.6.4"
  flutter_font_icons:
    dependency: transitive
    description:
      name: flutter_font_icons
      sha256: "0eb74cbc1bbc24e05086b0d3c6e77114e589961f772baf1d782ab8aa57d03405"
      url: "https://pub.dev"
    source: hosted
    version: "2.2.4"
  flutter_inappwebview:
    dependency: transitive
    description:
      name: flutter_inappwebview
      sha256: "5cfdfe79aaf4753626d1e46772c9d7feee74e5cff66da000e098c29b9a8d61e1"
      url: "https://pub.dev"
    source: hosted
    version: "5.3.2"
  flutter_lints:
    dependency: "direct dev"
    description:
      name: flutter_lints
      sha256: b543301ad291598523947dc534aaddc5aaad597b709d2426d3a0e0d44c5cb493
      url: "https://pub.dev"
    source: hosted
    version: "1.0.4"
  flutter_test:
    dependency: "direct dev"
    description: flutter
    source: sdk
    version: "0.0.0"
  flutter_web_plugins:
    dependency: transitive
    description: flutter
    source: sdk
    version: "0.0.0"
  fluttertoast:
    dependency: transitive
    description:
      name: fluttertoast
      sha256: b3ae793108ad2a7e8f2fea91ca5bb2ba7ef03621c4d9ed7a92fe3391da64c000
      url: "https://pub.dev"
    source: hosted
    version: "8.0.8"
  google_fonts:
    dependency: transitive
    description:
      name: google_fonts
      sha256: "8729bcb3d4226758859855dd7b9124a49d6acb4d197f58a18a34597ca10056e8"
      url: "https://pub.dev"
    source: hosted
    version: "2.2.0"
  html:
    dependency: transitive
    description:
      name: html
      sha256: bfef906cbd4e78ef49ae511d9074aebd1d2251482ef601a280973e8b58b51bbf
      url: "https://pub.dev"
    source: hosted
    version: "0.15.0"
  http:
    dependency: transitive
    description:
      name: http
      sha256: "2ed163531e071c2c6b7c659635112f24cb64ecbebf6af46b550d536c0b1aa112"
      url: "https://pub.dev"
    source: hosted
    version: "0.13.4"
  http_parser:
    dependency: transitive
    description:
      name: http_parser
      sha256: e362d639ba3bc07d5a71faebb98cde68c05bfbcfbbb444b60b6f60bb67719185
      url: "https://pub.dev"
    source: hosted
    version: "4.0.0"
  idb_shim:
    dependency: transitive
    description:
      name: idb_shim
      sha256: b7fc5bc85af52cfebd00cd5222a720fa0d51ff0ba24548dffdec60c3eca6bbe8
      url: "https://pub.dev"
    source: hosted
    version: "2.0.1"
  image:
    dependency: transitive
    description:
      name: image
      sha256: "67994d6579afa180c5eb463afa7ad211caab3535e5cbf630f8bd06a098030f54"
      url: "https://pub.dev"
    source: hosted
    version: "3.1.1"
  intl:
    dependency: transitive
    description:
      name: intl
      sha256: "910f85bce16fb5c6f614e117efa303e85a1731bb0081edf3604a2ae6e9a3cc91"
      url: "https://pub.dev"
    source: hosted
    version: "0.17.0"
  iridium_reader_widget:
    dependency: "direct main"
    description:
      path: ".."
      relative: true
    source: path
    version: "0.0.1"
  js:
    dependency: transitive
    description:
      name: js
      sha256: "5528c2f391ededb7775ec1daa69e65a2d61276f7552de2b5f7b8d34ee9fd4ab7"
      url: "https://pub.dev"
    source: hosted
    version: "0.6.5"
  json_class:
    dependency: transitive
    description:
      name: json_class
      sha256: "473fb8c3e625322d4c4ac8759f40ab6c2fb007a18444e00d4d2dd98d2123c8dd"
      url: "https://pub.dev"
    source: hosted
    version: "2.1.2+3"
  json_schema2:
    dependency: transitive
    description:
      name: json_schema2
      sha256: "00a87743c5a3ce7a223003e2375126553309ed8c6edab1da5dc2dc060014a196"
      url: "https://pub.dev"
    source: hosted
    version: "2.0.1"
  json_theme:
    dependency: transitive
    description:
      name: json_theme
      sha256: fae7a3042e10c1311d805ef0217fa1b224931a8189f9ba36f1c744620264c2e3
      url: "https://pub.dev"
    source: hosted
    version: "3.2.5"
  lints:
    dependency: transitive
    description:
      name: lints
      sha256: a2c3d198cb5ea2e179926622d433331d8b58374ab8f29cdda6e863bd62fd369c
      url: "https://pub.dev"
    source: hosted
    version: "1.0.1"
  logging:
    dependency: transitive
    description:
      name: logging
      sha256: "293ae2d49fd79d4c04944c3a26dfd313382d5f52e821ec57119230ae16031ad4"
      url: "https://pub.dev"
    source: hosted
    version: "1.0.2"
  matcher:
    dependency: transitive
    description:
      name: matcher
      sha256: "16db949ceee371e9b99d22f88fa3a73c4e59fd0afed0bd25fc336eb76c198b72"
      url: "https://pub.dev"
    source: hosted
    version: "0.12.13"
  material_color_utilities:
    dependency: transitive
    description:
      name: material_color_utilities
      sha256: d92141dc6fe1dad30722f9aa826c7fbc896d021d792f80678280601aff8cf724
      url: "https://pub.dev"
    source: hosted
    version: "0.2.0"
  meta:
    dependency: transitive
    description:
      name: meta
      sha256: "6c268b42ed578a53088d834796959e4a1814b5e9e164f147f580a386e5decf42"
      url: "https://pub.dev"
    source: hosted
    version: "1.8.0"
  mno_commons:
    dependency: transitive
    description:
      path: "../../components/commons"
      relative: true
    source: path
    version: "0.1.2"
  mno_navigator:
    dependency: transitive
    description:
      path: "../../components/navigator"
      relative: true
    source: path
    version: "0.1.0"
  mno_opds:
    dependency: transitive
    description:
      path: "../../components/opds"
      relative: true
    source: path
    version: "0.1.1"
  mno_server:
    dependency: transitive
    description:
      path: "../../components/server"
      relative: true
    source: path
    version: "0.1.0"
  mno_shared:
    dependency: transitive
    description:
      path: "../../components/shared"
      relative: true
    source: path
    version: "0.1.3"
  mno_streamer:
    dependency: transitive
    description:
      path: "../../components/streamer"
      relative: true
    source: path
    version: "0.1.1"
  nested:
    dependency: transitive
    description:
      name: nested
      sha256: "03bac4c528c64c95c722ec99280375a6f2fc708eec17c7b3f07253b626cd2a20"
      url: "https://pub.dev"
    source: hosted
    version: "1.0.0"
  new_version:
    dependency: transitive
    description:
      name: new_version
      sha256: "6aa572313fb80df575e957c751cc84399f521d9a31efb1761ab10eb69119d63e"
      url: "https://pub.dev"
    source: hosted
    version: "0.3.0"
  objectdb:
    dependency: transitive
    description:
      name: objectdb
      sha256: a6225fdc2ea77feb30d87713a2999e7bbf86a7eebdcc9451932e3b1cbb5e2f1b
      url: "https://pub.dev"
    source: hosted
    version: "1.2.1+1"
  objectid:
    dependency: transitive
    description:
      name: objectid
      sha256: f97b50246993c7960c11075f677864c718ed4987e617a5e691c67c776b4ff64a
      url: "https://pub.dev"
    source: hosted
    version: "2.0.0"
  package_info_plus:
    dependency: transitive
    description:
      name: package_info_plus
      sha256: "5f25535d6927b6f891343e571568ea21a5a643a79965dead338adedc0a96be96"
      url: "https://pub.dev"
    source: hosted
    version: "1.3.0"
  package_info_plus_linux:
    dependency: transitive
    description:
      name: package_info_plus_linux
      sha256: "85fea809a9a42aeec26fc499f83a2690954e20d5904075368cb78240a9be8602"
      url: "https://pub.dev"
    source: hosted
    version: "1.0.3"
  package_info_plus_macos:
    dependency: transitive
    description:
      name: package_info_plus_macos
      sha256: a2ad8b4acf4cd479d4a0afa5a74ea3f5b1c7563b77e52cc32b3ee6956d5482a6
      url: "https://pub.dev"
    source: hosted
    version: "1.3.0"
  package_info_plus_platform_interface:
    dependency: transitive
    description:
      name: package_info_plus_platform_interface
      sha256: f7a0c8f1e7e981bc65f8b64137a53fd3c195b18d429fba960babc59a5a1c7ae8
      url: "https://pub.dev"
    source: hosted
    version: "1.0.2"
  package_info_plus_web:
    dependency: transitive
    description:
      name: package_info_plus_web
      sha256: e177f7c086f0de5ac3f89e4b35a3242491d72a83ce9f7f1083646e8049a7bd91
      url: "https://pub.dev"
    source: hosted
    version: "1.0.4"
  package_info_plus_windows:
    dependency: transitive
    description:
      name: package_info_plus_windows
      sha256: "910f23e5ba877d8bcf716c4cc61e0773dee9a04dfd0a9449cd8a5e5e0ffe4d5a"
      url: "https://pub.dev"
    source: hosted
    version: "1.0.4"
  path:
    dependency: transitive
    description:
      name: path
      sha256: db9d4f58c908a4ba5953fcee2ae317c94889433e5024c27ce74a37f94267945b
      url: "https://pub.dev"
    source: hosted
    version: "1.8.2"
  path_provider:
    dependency: transitive
    description:
      name: path_provider
      sha256: db1cf6c3f906f50d52c18400be575f75ed620f8717f9b6d11263edd95080dfc6
      url: "https://pub.dev"
    source: hosted
    version: "2.0.8"
  path_provider_android:
    dependency: transitive
    description:
      name: path_provider_android
      sha256: c69109bae02c6116bd8ac81319b13eb73dfae02ef74690d2a1a98c1ddd3aaefc
      url: "https://pub.dev"
    source: hosted
    version: "2.0.11"
  path_provider_ios:
    dependency: transitive
    description:
      name: path_provider_ios
      sha256: "038d0141ff5d08c60ed071eee2758b68c50c42a1c10066a1fb6c28ab32fac84c"
      url: "https://pub.dev"
    source: hosted
    version: "2.0.7"
  path_provider_linux:
    dependency: transitive
    description:
      name: path_provider_linux
      sha256: "1e109f4df28bd95eab71e323008b53d19c4d633bc1ab05b577518773474e9621"
      url: "https://pub.dev"
    source: hosted
    version: "2.1.5"
  path_provider_macos:
    dependency: transitive
    description:
      name: path_provider_macos
      sha256: "0adeb313e1f2c3fc52baeeee59b0fe9c2d1f7da56fd96a9234e1702ec653a453"
      url: "https://pub.dev"
    source: hosted
    version: "2.0.5"
  path_provider_platform_interface:
    dependency: transitive
    description:
      name: path_provider_platform_interface
      sha256: "3dc0d51b07f85fec3746d9f4e8d31c73bb173cafa2e763f03f8df2e8d1878882"
      url: "https://pub.dev"
    source: hosted
    version: "2.0.3"
  path_provider_windows:
    dependency: transitive
    description:
      name: path_provider_windows
      sha256: "366ad4e3541ea707f859e7148d4d5aba67d589d7936cee04a05c464a277eeb27"
      url: "https://pub.dev"
    source: hosted
    version: "2.0.5"
  permission_handler:
    dependency: transitive
    description:
      name: permission_handler
      sha256: "4356882e9abf51aa0d56e8fb886e0d6162719f2310dd71f0b8fa7f34908b128d"
      url: "https://pub.dev"
    source: hosted
    version: "8.3.0"
  permission_handler_platform_interface:
    dependency: transitive
    description:
      name: permission_handler_platform_interface
      sha256: ca16451bfdc6d26693d10b37b2d81370bdf3f0318422f3eecfd6004f5bd7d21f
      url: "https://pub.dev"
    source: hosted
    version: "3.7.0"
  petitparser:
    dependency: transitive
    description:
      name: petitparser
      sha256: "1a914995d4ef10c94ff183528c120d35ed43b5eaa8713fc6766a9be4570782e2"
      url: "https://pub.dev"
    source: hosted
    version: "4.4.0"
  photo_view:
    dependency: transitive
    description:
      name: photo_view
      sha256: "26cb153080a2673bebccaf72d3283e82f8f41a47fe5f9bc5ba8634d2e8a9fc8e"
      url: "https://pub.dev"
    source: hosted
    version: "0.13.0"
  platform:
    dependency: transitive
    description:
      name: platform
      sha256: "4a451831508d7d6ca779f7ac6e212b4023dd5a7d08a27a63da33756410e32b76"
      url: "https://pub.dev"
    source: hosted
    version: "3.1.0"
  plugin_platform_interface:
    dependency: transitive
    description:
      name: plugin_platform_interface
      sha256: "075f927ebbab4262ace8d0b283929ac5410c0ac4e7fc123c76429564facfb757"
      url: "https://pub.dev"
    source: hosted
    version: "2.1.2"
  preload_page_view:
    dependency: transitive
    description:
      name: preload_page_view
      sha256: "698e4d6eb1fa3489768c9d2d8c8322ed686015af633d04cc537c57e38566834a"
      url: "https://pub.dev"
    source: hosted
    version: "0.1.6"
  process:
    dependency: transitive
    description:
      name: process
      sha256: "53fd8db9cec1d37b0574e12f07520d582019cb6c44abf5479a01505099a34a09"
      url: "https://pub.dev"
    source: hosted
    version: "4.2.4"
  provider:
    dependency: transitive
    description:
      name: provider
      sha256: "7896193cf752c40ba7f7732a95264319a787871e5d628225357f5c909182bc06"
      url: "https://pub.dev"
    source: hosted
    version: "6.0.2"
  quiver:
    dependency: transitive
    description:
      name: quiver
      sha256: "616b691d1c8f5c53b7b39ce3542f6a25308d7900bf689d0210e72a644a10387e"
      url: "https://pub.dev"
    source: hosted
    version: "3.0.1+1"
  rest_client:
    dependency: transitive
    description:
      name: rest_client
      sha256: f9eb3da027e5a67a7edc84654a52ff88d7382ed864c1c9471e04029c67d2e81e
      url: "https://pub.dev"
    source: hosted
    version: "2.0.1+6"
  rxdart:
    dependency: transitive
    description:
      name: rxdart
      sha256: bc2d2b17b87fab32e2dca53ca3066d3147de6f96c74d76cfe1a379a24239c46d
      url: "https://pub.dev"
    source: hosted
    version: "0.27.3"
  sembast:
    dependency: transitive
    description:
      name: sembast
      sha256: "762be83d296873923dc1e6837609969e50c1919360a6351bd2d930bbc2ec46cd"
      url: "https://pub.dev"
    source: hosted
    version: "3.1.1+1"
  shared_preferences:
    dependency: transitive
    description:
      name: shared_preferences
      sha256: eb7cfb572af1ccc8b81f66bfd525ae0e8d196574874105b5c27db64bef9f155a
      url: "https://pub.dev"
    source: hosted
    version: "2.0.12"
  shared_preferences_android:
    dependency: transitive
    description:
      name: shared_preferences_android
      sha256: eb5f8ca2adb3303e0949971b8bc6408c67b5000502b838ee6cb0ef96cd29e708
      url: "https://pub.dev"
    source: hosted
    version: "2.0.10"
  shared_preferences_ios:
    dependency: transitive
    description:
      name: shared_preferences_ios
      sha256: "2b7319dbccef93d2bc70d03f810a9edb95550f4dcb3fb27e64cae18291b80b28"
      url: "https://pub.dev"
    source: hosted
    version: "2.0.9"
  shared_preferences_linux:
    dependency: transitive
    description:
      name: shared_preferences_linux
      sha256: "65e86adba03ba1ecd4a2f3e5d986eac27dbcf5804e0d5e03e029dbf63b5ed3a7"
      url: "https://pub.dev"
    source: hosted
    version: "2.0.4"
  shared_preferences_macos:
    dependency: transitive
    description:
      name: shared_preferences_macos
      sha256: d8c36fedba519cba905d30833b818cde3d52d4e9c7438da4664bd523468bb93f
      url: "https://pub.dev"
    source: hosted
    version: "2.0.2"
  shared_preferences_platform_interface:
    dependency: transitive
    description:
      name: shared_preferences_platform_interface
      sha256: "992f0fdc46d0a3c0ac2e5859f2de0e577bbe51f78a77ee8f357cbe626a2ad32d"
      url: "https://pub.dev"
    source: hosted
    version: "2.0.0"
  shared_preferences_web:
    dependency: transitive
    description:
      name: shared_preferences_web
      sha256: "09da0185028a227d51721cade7a3cbd5cc5f163a19593266f2acba87f729bf9c"
      url: "https://pub.dev"
    source: hosted
    version: "2.0.3"
  shared_preferences_windows:
    dependency: transitive
    description:
      name: shared_preferences_windows
      sha256: a16f85cbad4e23daf83cd188fc53ca19a9b025743e8e2983d9d89ec4c383d6e6
      url: "https://pub.dev"
    source: hosted
    version: "2.0.4"
  sky_engine:
    dependency: transitive
    description: flutter
    source: sdk
    version: "0.0.99"
  source_span:
    dependency: transitive
    description:
      name: source_span
      sha256: dd904f795d4b4f3b870833847c461801f6750a9fa8e61ea5ac53f9422b31f250
      url: "https://pub.dev"
    source: hosted
    version: "1.9.1"
  stack_trace:
    dependency: transitive
    description:
      name: stack_trace
      sha256: c3c7d8edb15bee7f0f74debd4b9c5f3c2ea86766fe4178eb2a18eb30a0bdaed5
      url: "https://pub.dev"
    source: hosted
    version: "1.11.0"
  stream_channel:
    dependency: transitive
    description:
      name: stream_channel
      sha256: "83615bee9045c1d322bbbd1ba209b7a749c2cbcdcb3fdd1df8eb488b3279c1c8"
      url: "https://pub.dev"
    source: hosted
    version: "2.1.1"
  string_scanner:
    dependency: transitive
    description:
      name: string_scanner
      sha256: "556692adab6cfa87322a115640c11f13cb77b3f076ddcc5d6ae3c20242bedcde"
      url: "https://pub.dev"
    source: hosted
    version: "1.2.0"
  synchronized:
    dependency: transitive
    description:
      name: synchronized
      sha256: "271977ff1e9e82ceefb4f08424b8839f577c1852e0726b5ce855311b46d3ef83"
      url: "https://pub.dev"
    source: hosted
    version: "3.0.0"
  term_glyph:
    dependency: transitive
    description:
      name: term_glyph
      sha256: a29248a84fbb7c79282b40b8c72a1209db169a2e0542bce341da992fe1bc7e84
      url: "https://pub.dev"
    source: hosted
    version: "1.2.1"
  test_api:
    dependency: transitive
    description:
      name: test_api
      sha256: ad540f65f92caa91bf21dfc8ffb8c589d6e4dc0c2267818b4cc2792857706206
      url: "https://pub.dev"
    source: hosted
    version: "0.4.16"
  time:
    dependency: transitive
    description:
      name: time
      sha256: "44c6a63e372f1a06a850272c9d89b3761641743c3a1990d419fe0ebad47ab611"
      url: "https://pub.dev"
    source: hosted
    version: "2.1.0"
  typed_data:
    dependency: transitive
    description:
      name: typed_data
      sha256: "53bdf7e979cfbf3e28987552fd72f637e63f3c8724c9e56d9246942dc2fa36ee"
      url: "https://pub.dev"
    source: hosted
    version: "1.3.0"
  universal_io:
    dependency: transitive
    description:
      name: universal_io
      sha256: "79f78ddad839ee3aae3ec7c01eb4575faf0d5c860f8e5223bc9f9c17f7f03cef"
      url: "https://pub.dev"
    source: hosted
    version: "2.0.4"
  uri:
    dependency: transitive
    description:
      name: uri
      sha256: "889eea21e953187c6099802b7b4cf5219ba8f3518f604a1033064d45b1b8268a"
      url: "https://pub.dev"
    source: hosted
    version: "1.0.0"
  url_launcher:
    dependency: transitive
    description:
      name: url_launcher
      sha256: "236e5ad4df2dabb79ce5d0f1aafb4cb70c0ad6dc93f88e610ad31c8fef74f477"
      url: "https://pub.dev"
    source: hosted
    version: "6.0.18"
  url_launcher_android:
    dependency: transitive
    description:
      name: url_launcher_android
      sha256: "2ec66333093cf5dd5103f089c3a7842fcd5581023a571839d3d176ff10244582"
      url: "https://pub.dev"
    source: hosted
    version: "6.0.14"
  url_launcher_ios:
    dependency: transitive
    description:
      name: url_launcher_ios
      sha256: "0d6b0b9dce05986462e8ba08e51f1909ac63e2e59ebde829c46ad66423f03dee"
      url: "https://pub.dev"
    source: hosted
    version: "6.0.14"
  url_launcher_linux:
    dependency: transitive
    description:
      name: url_launcher_linux
      sha256: ae3c5ce30a1ba0a69c3f8803b23450703cf915575ad591857df98d9c15c11018
      url: "https://pub.dev"
    source: hosted
    version: "2.0.3"
  url_launcher_macos:
    dependency: transitive
    description:
      name: url_launcher_macos
      sha256: c116ae76b578e0403c2c65630715c0c81a79ef22a11ff9192674b5233be88735
      url: "https://pub.dev"
    source: hosted
    version: "2.0.2"
  url_launcher_platform_interface:
    dependency: transitive
    description:
      name: url_launcher_platform_interface
      sha256: "1b9c4dab07794498b83b5f938e26b20f68c3b460a3015b0307f9541cb34ef93d"
      url: "https://pub.dev"
    source: hosted
    version: "2.0.5"
  url_launcher_web:
    dependency: transitive
    description:
      name: url_launcher_web
      sha256: "88de707cba8e0c1c678ed79274298c4737f7f24addd12e786fbf0597de085850"
      url: "https://pub.dev"
    source: hosted
    version: "2.0.6"
  url_launcher_windows:
    dependency: transitive
    description:
      name: url_launcher_windows
      sha256: "4e24aac2a2960fb9a70a07992e1ba69cb99fbcee48fdf17abe280ce867bfcea2"
      url: "https://pub.dev"
    source: hosted
    version: "2.0.2"
  uuid:
    dependency: transitive
    description:
      name: uuid
      sha256: "00ba1241ff12e77d8059eeb1f102b35235df01661a6110afd165ab52a0fc7714"
      url: "https://pub.dev"
    source: hosted
    version: "3.0.5"
  vector_math:
    dependency: transitive
    description:
      name: vector_math
      sha256: "80b3257d1492ce4d091729e3a67a60407d227c27241d6927be0130c98e741803"
      url: "https://pub.dev"
    source: hosted
    version: "2.1.4"
  webview_flutter:
    dependency: transitive
    description:
      name: webview_flutter
      sha256: "9563cb6e54c06980586b80946e6d8b35287d18efc7b55c5bc2ca448688ec65b5"
      url: "https://pub.dev"
    source: hosted
    version: "3.0.0"
  webview_flutter_android:
    dependency: transitive
    description:
      name: webview_flutter_android
      sha256: "74df4f2310165977cbab22c05c5f5c98ce402de96069f53d80e72ecbd73ec3e0"
      url: "https://pub.dev"
    source: hosted
    version: "2.8.2"
  webview_flutter_platform_interface:
    dependency: transitive
    description:
      name: webview_flutter_platform_interface
      sha256: "6144d750f56ae63fdaad10ff09e0f762142beabde4fefdc2d32564f75572d905"
      url: "https://pub.dev"
    source: hosted
    version: "1.8.1"
  webview_flutter_web:
    dependency: transitive
    description:
      name: webview_flutter_web
      sha256: "2c4fe74fd154072f91365442063f15bd50d568a6567e95a53f3280c7dfc64468"
      url: "https://pub.dev"
    source: hosted
    version: "0.1.0"
  webview_flutter_wkwebview:
    dependency: transitive
    description:
      name: webview_flutter_wkwebview
      sha256: "87c56a34f69867f3aaf0b66df5399a4fc18898b1df8c738b835e62b73059d66f"
      url: "https://pub.dev"
    source: hosted
    version: "2.7.1"
  win32:
    dependency: transitive
    description:
      name: win32
      sha256: "0b2350f19ef62ccc5d594ea92d9107230210ae0b37459686687b70f41b911e12"
      url: "https://pub.dev"
    source: hosted
    version: "2.3.6"
  xdg_directories:
    dependency: transitive
    description:
      name: xdg_directories
      sha256: "0186b3f2d66be9a12b0295bddcf8b6f8c0b0cc2f85c6287344e2a6366bc28457"
      url: "https://pub.dev"
    source: hosted
    version: "0.2.0"
  xml:
    dependency: transitive
    description:
      name: xml
      sha256: baa23bcba1ba4ce4b22c0c7a1d9c861e7015cb5169512676da0b85138e72840c
      url: "https://pub.dev"
    source: hosted
    version: "5.3.1"
  xml2json:
    dependency: transitive
    description:
      name: xml2json
      sha256: b32ce8fece91ed4967f4b2023df43e9777d7cfbfe4f51e5999c1ca128b60cbf9
      url: "https://pub.dev"
    source: hosted
    version: "5.3.2"
sdks:
  dart: ">=2.18.0 <3.0.0"
  flutter: ">=2.5.0"
